# THIS IS AN AUTOGENERATED FILE. DO NOT EDIT THIS FILE DIRECTLY.
# yarn lockfile v1


"@excid3/uppy-activestorage-upload@https://github.com/excid3/uppy-activestorage-upload.git":
  version "0.1.1"
  resolved "https://github.com/excid3/uppy-activestorage-upload.git#d88e3576c33f05ccab52ec0850e1d2a00f263fd0"
  dependencies:
    cuid "^2.1.8"

"@transloadit/prettier-bytes@0.0.7":
  version "0.0.7"
  resolved "https://registry.yarnpkg.com/@transloadit/prettier-bytes/-/prettier-bytes-0.0.7.tgz#cdb5399f445fdd606ed833872fa0cabdbc51686b"
  integrity sha512-VeJbUb0wEKbcwaSlj5n+LscBl9IPgLPkHVGBkh00cztv6X4L/TJXK58LzFuBKX7/GAfiGhIwH67YTLTlzvIzBA==

"@uppy/core@^2.1.7":
  version "2.1.7"
  resolved "https://registry.yarnpkg.com/@uppy/core/-/core-2.1.7.tgz#85debec3a377256f466f62642eae40a667b63bf3"
  integrity sha512-1xHBPdyxY01bBJkouEkeAU/Inp4MNm23cJn0/4sCl69hHao/Yhh70rBmMnpsTLXyS0zGoOd2hSr2m9vVoi2SyA==
  dependencies:
    "@transloadit/prettier-bytes" "0.0.7"
    "@uppy/store-default" "^2.0.3"
    "@uppy/utils" "^4.0.5"
    lodash.throttle "^4.1.1"
    mime-match "^1.0.2"
    namespace-emitter "^2.0.1"
    nanoid "^3.1.25"
    preact "^10.5.13"

"@uppy/dashboard@^2.1.4":
  version "2.1.4"
  resolved "https://registry.yarnpkg.com/@uppy/dashboard/-/dashboard-2.1.4.tgz#d6ca37a9354f2d6485f464e494bfaf1b179b0148"
  integrity sha512-H9SIuDJCMThBm9VUkb4Rkvl2qAll5tDi7l7Z6A0+07HkfVFVJv8Aq6Lh/sCAVv9v9M7KKBu0X2eCc8o5+22+zA==
  dependencies:
    "@transloadit/prettier-bytes" "0.0.7"
    "@uppy/informer" "^2.0.5"
    "@uppy/provider-views" "^2.0.7"
    "@uppy/status-bar" "^2.1.2"
    "@uppy/thumbnail-generator" "^2.1.0"
    "@uppy/utils" "^4.0.5"
    classnames "^2.2.6"
    is-shallow-equal "^1.0.1"
    lodash.debounce "^4.0.8"
    memoize-one "^5.0.4"
    nanoid "^3.1.25"
    preact "^10.5.13"

"@uppy/informer@^2.0.5":
  version "2.0.5"
  resolved "https://registry.yarnpkg.com/@uppy/informer/-/informer-2.0.5.tgz#7b55612f4c366b6a81d3b4b2106212d534d63b25"
  integrity sha512-XBiTo+NYUMkG3RnwFXmQTnwOcTaBMzMqSTTZZ1/1NndxP1TmpmqonuQQIHlegHUHhF5T+GVAle2rMe+c8iSlsA==
  dependencies:
    "@uppy/utils" "^4.0.4"
    preact "^10.5.13"

"@uppy/provider-views@^2.0.7":
  version "2.0.8"
  resolved "https://registry.yarnpkg.com/@uppy/provider-views/-/provider-views-2.0.8.tgz#7eda89e5cc6d95aaff08b723319c4c859a454f3a"
  integrity sha512-rgCehk4yQFcxbXxdAKEDZe1wiecgZfuJ2FtPUk1atF9IHg7/MekCTLLbKBKh5saLX+uPIuqUXnbLIa+7XKPrgw==
  dependencies:
    "@uppy/utils" "^4.0.5"
    classnames "^2.2.6"
    preact "^10.5.13"

"@uppy/status-bar@^2.1.2":
  version "2.1.3"
  resolved "https://registry.yarnpkg.com/@uppy/status-bar/-/status-bar-2.1.3.tgz#df271fcf1532b96ed1bf3fa640c8f9f443f960ff"
  integrity sha512-+rGZruKzptQ8wVfKXCwDBR9Mw1a/8GECKQ6EwEDzfJxhwz1Tm6kdh5DHDOUlftPTJGJED3bKye7K7fjEhwWfew==
  dependencies:
    "@transloadit/prettier-bytes" "0.0.7"
    "@uppy/utils" "^4.0.5"
    classnames "^2.2.6"
    lodash.throttle "^4.1.1"
    preact "^10.5.13"

"@uppy/store-default@^2.0.3":
  version "2.0.3"
  resolved "https://registry.yarnpkg.com/@uppy/store-default/-/store-default-2.0.3.tgz#47ad4fc4816d21955ff37d6bb5096a93278c29e2"
  integrity sha512-2BGlN1sW0cFv4rOqTK8dfSg579S984N1HxCJxLFqeW9nWD6zd/O8Omyd85tbxGQ+FLZLTmLOm/feD0YeCBMahg==

"@uppy/thumbnail-generator@^2.1.0":
  version "2.1.1"
  resolved "https://registry.yarnpkg.com/@uppy/thumbnail-generator/-/thumbnail-generator-2.1.1.tgz#f90f0c0ad0a1d3ffa699593b25dfcc28bb8cb6a5"
  integrity sha512-iV7Q6Z3huN3RgXiXStKXsHCk6doRzxtkkiQkejpVD8NPODWvgOpL8EFjTqii//3sZJYgquZTWQkMuAJVuoFSSw==
  dependencies:
    "@uppy/utils" "^4.0.5"
    exifr "^7.0.0"

"@uppy/utils@^4.0.4", "@uppy/utils@^4.0.5":
  version "4.0.5"
  resolved "https://registry.yarnpkg.com/@uppy/utils/-/utils-4.0.5.tgz#0feda6e03d13af2fec969b146d7410462a8d2d48"
  integrity sha512-uRv921A69UMjuWCLSC5tKXuIVoMOROVpFstIAQv5CoiCOCXyofcWpvAqELT7qlQJ5VRWha3uF5d/Z94SNnwxew==
  dependencies:
    lodash.throttle "^4.1.1"

classnames@^2.2.6:
  version "2.3.1"
  resolved "https://registry.yarnpkg.com/classnames/-/classnames-2.3.1.tgz#dfcfa3891e306ec1dad105d0e88f4417b8535e8e"
  integrity sha512-OlQdbZ7gLfGarSqxesMesDa5uz7KFbID8Kpq/SxIoNGDqY8lSYs0D+hhtBXhcdB3rcbXArFr7vlHheLk1voeNA==

cuid@^2.1.8:
  version "2.1.8"
  resolved "https://registry.yarnpkg.com/cuid/-/cuid-2.1.8.tgz#cbb88f954171e0d5747606c0139fb65c5101eac0"
  integrity sha512-xiEMER6E7TlTPnDxrM4eRiC6TRgjNX9xzEZ5U/Se2YJKr7Mq4pJn/2XEHjl3STcSh96GmkHPcBXLES8M29wyyg==

exifr@^7.0.0:
  version "7.1.3"
  resolved "https://registry.yarnpkg.com/exifr/-/exifr-7.1.3.tgz#f6218012c36dbb7d843222011b27f065fddbab6f"
  integrity sha512-g/aje2noHivrRSLbAUtBPWFbxKdKhgj/xr1vATDdUXPOFYJlQ62Ft0oy+72V6XLIpDJfHs6gXLbBLAolqOXYRw==

is-shallow-equal@^1.0.1:
  version "1.0.1"
  resolved "https://registry.yarnpkg.com/is-shallow-equal/-/is-shallow-equal-1.0.1.tgz#c410b51eb1c12ee50cd02891d32d1691a132d73c"
  integrity sha512-lq5RvK+85Hs5J3p4oA4256M1FEffzmI533ikeDHvJd42nouRRx5wBzt36JuviiGe5dIPyHON/d0/Up+PBo6XkQ==

lodash.debounce@^4.0.8:
  version "4.0.8"
  resolved "https://registry.yarnpkg.com/lodash.debounce/-/lodash.debounce-4.0.8.tgz#82d79bff30a67c4005ffd5e2515300ad9ca4d7af"
  integrity sha1-gteb/zCmfEAF/9XiUVMArZyk168=

lodash.throttle@^4.1.1:
  version "4.1.1"
  resolved "https://registry.yarnpkg.com/lodash.throttle/-/lodash.throttle-4.1.1.tgz#c23e91b710242ac70c37f1e1cda9274cc39bf2f4"
  integrity sha1-wj6RtxAkKscMN/HhzaknTMOb8vQ=

memoize-one@^5.0.4:
  version "5.2.1"
  resolved "https://registry.yarnpkg.com/memoize-one/-/memoize-one-5.2.1.tgz#8337aa3c4335581839ec01c3d594090cebe8f00e"
  integrity sha512-zYiwtZUcYyXKo/np96AGZAckk+FWWsUdJ3cHGGmld7+AhvcWmQyGCYUh1hc4Q/pkOhb65dQR/pqCyK0cOaHz4Q==

mime-match@^1.0.2:
  version "1.0.2"
  resolved "https://registry.yarnpkg.com/mime-match/-/mime-match-1.0.2.tgz#3f87c31e9af1a5fd485fb9db134428b23bbb7ba8"
  integrity sha1-P4fDHprxpf1IX7nbE0Qosju7e6g=
  dependencies:
    wildcard "^1.1.0"

namespace-emitter@^2.0.1:
  version "2.0.1"
  resolved "https://registry.yarnpkg.com/namespace-emitter/-/namespace-emitter-2.0.1.tgz#978d51361c61313b4e6b8cf6f3853d08dfa2b17c"
  integrity sha512-N/sMKHniSDJBjfrkbS/tpkPj4RAbvW3mr8UAzvlMHyun93XEm83IAvhWtJVHo+RHn/oO8Job5YN4b+wRjSVp5g==

nanoid@^3.1.25:
  version "3.3.2"
  resolved "https://registry.yarnpkg.com/nanoid/-/nanoid-3.3.2.tgz#c89622fafb4381cd221421c69ec58547a1eec557"
  integrity sha512-CuHBogktKwpm5g2sRgv83jEy2ijFzBwMoYA60orPDR7ynsLijJDqgsi4RDGj3OJpy3Ieb+LYwiRmIOGyytgITA==

preact@^10.5.13:
  version "10.7.0"
  resolved "https://registry.yarnpkg.com/preact/-/preact-10.7.0.tgz#3bd424677a894c8199f66a881df283b44bea0eeb"
  integrity sha512-9MEURwzNMKpAil/t6+wabDIJI6oG6GnwypYxiJDvQnW+fHDTt51PYuLZ1QUM31hFr7sDaj9qTaShAF9VIxuxGQ==

wildcard@^1.1.0:
  version "1.1.2"
  resolved "https://registry.yarnpkg.com/wildcard/-/wildcard-1.1.2.tgz#a7020453084d8cd2efe70ba9d3696263de1710a5"
  integrity sha1-pwIEUwhNjNLv5wup02liY94XEKU=
